
Microsoft Visual Studio Solution File, Format Version 12.00
# Visual Studio Version 16
VisualStudioVersion = 16.0.30621.155
MinimumVisualStudioVersion = 10.0.40219.1
Project("{E53339B2-1760-4266-BCC7-CA923CBCF16C}") = "docker-compose", "docker-compose.dcproj", "{C7F631FF-13E2-4C8D-BF40-8DDF1DA74B7E}"
EndProject
Global
	GlobalSection(SolutionConfigurationPlatforms) = preSolution
		Debug|Any CPU = Debug|Any CPU
		Release|Any CPU = Release|Any CPU
	EndGlobalSection
	GlobalSection(ProjectConfigurationPlatforms) = postSolution
		{C7F631FF-13E2-4C8D-BF40-8DDF1DA74B7E}.Debug|Any CPU.ActiveCfg = Debug|Any CPU
		{C7F631FF-13E2-4C8D-BF40-8DDF1DA74B7E}.Debug|Any CPU.Build.0 = Debug|Any CPU
		{C7F631FF-13E2-4C8D-BF40-8DDF1DA74B7E}.Release|Any CPU.ActiveCfg = Release|Any CPU
		{C7F631FF-13E2-4C8D-BF40-8DDF1DA74B7E}.Release|Any CPU.Build.0 = Release|Any CPU
	EndGlobalSection
	GlobalSection(SolutionProperties) = preSolution
		HideSolutionNode = FALSE
	EndGlobalSection
	GlobalSection(ExtensibilityGlobals) = postSolution
		SolutionGuid = {6137BD2B-8A4B-4787-95B9-735F39B04BAC}
	EndGlobalSection
EndGlobal
